// !$*UTF8*$!
{
	archiveVersion = 1;
	classes = {
	};
	objectVersion = 56;
	objects = {

/* Begin PBXBuildFile section */
		39A0380D2B8DCDB900D1C2BB /* CryptoCrazySUIApp.swift in Sources */ = {isa = PBXBuildFile; fileRef = 39A0380C2B8DCDB900D1C2BB /* CryptoCrazySUIApp.swift */; };
		39A0380F2B8DCDB900D1C2BB /* HomeView.swift in Sources */ = {isa = PBXBuildFile; fileRef = 39A0380E2B8DCDB900D1C2BB /* HomeView.swift */; };
		39A038112B8DCDBA00D1C2BB /* Assets.xcassets in Resources */ = {isa = PBXBuildFile; fileRef = 39A038102B8DCDBA00D1C2BB /* Assets.xcassets */; };
		39A038142B8DCDBA00D1C2BB /* Preview Assets.xcassets in Resources */ = {isa = PBXBuildFile; fileRef = 39A038132B8DCDBA00D1C2BB /* Preview Assets.xcassets */; };
		39A038222B8DCF9F00D1C2BB /* CryptoCurrency.swift in Sources */ = {isa = PBXBuildFile; fileRef = 39A038212B8DCF9F00D1C2BB /* CryptoCurrency.swift */; };
		39A038242B8DD48B00D1C2BB /* WebService.swift in Sources */ = {isa = PBXBuildFile; fileRef = 39A038232B8DD48B00D1C2BB /* WebService.swift */; };
		39A038262B8DD7A100D1C2BB /* CryptoViewModel.swift in Sources */ = {isa = PBXBuildFile; fileRef = 39A038252B8DD7A100D1C2BB /* CryptoViewModel.swift */; };
/* End PBXBuildFile section */

/* Begin PBXFileReference section */
		39A038092B8DCDB900D1C2BB /* CryptoCrazySUI.app */ = {isa = PBXFileReference; explicitFileType = wrapper.application; includeInIndex = 0; path = CryptoCrazySUI.app; sourceTree = BUILT_PRODUCTS_DIR; };
		39A0380C2B8DCDB900D1C2BB /* CryptoCrazySUIApp.swift */ = {isa = PBXFileReference; lastKnownFileType = sourcecode.swift; path = CryptoCrazySUIApp.swift; sourceTree = "<group>"; };
		39A0380E2B8DCDB900D1C2BB /* HomeView.swift */ = {isa = PBXFileReference; lastKnownFileType = sourcecode.swift; path = HomeView.swift; sourceTree = "<group>"; };
		39A038102B8DCDBA00D1C2BB /* Assets.xcassets */ = {isa = PBXFileReference; lastKnownFileType = folder.assetcatalog; path = Assets.xcassets; sourceTree = "<group>"; };
		39A038132B8DCDBA00D1C2BB /* Preview Assets.xcassets */ = {isa = PBXFileReference; lastKnownFileType = folder.assetcatalog; path = "Preview Assets.xcassets"; sourceTree = "<group>"; };
		39A038212B8DCF9F00D1C2BB /* CryptoCurrency.swift */ = {isa = PBXFileReference; lastKnownFileType = sourcecode.swift; path = CryptoCurrency.swift; sourceTree = "<group>"; };
		39A038232B8DD48B00D1C2BB /* WebService.swift */ = {isa = PBXFileReference; lastKnownFileType = sourcecode.swift; path = WebService.swift; sourceTree = "<group>"; };
		39A038252B8DD7A100D1C2BB /* CryptoViewModel.swift */ = {isa = PBXFileReference; lastKnownFileType = sourcecode.swift; path = CryptoViewModel.swift; sourceTree = "<group>"; };
/* End PBXFileReference section */

/* Begin PBXFrameworksBuildPhase section */
		39A038062B8DCDB900D1C2BB /* Frameworks */ = {
			isa = PBXFrameworksBuildPhase;
			buildActionMask = 2147483647;
			files = (
			);
			runOnlyForDeploymentPostprocessing = 0;
		};
/* End PBXFrameworksBuildPhase section */

/* Begin PBXGroup section */
		39A038002B8DCDB900D1C2BB = {
			isa = PBXGroup;
			children = (
				39A0380B2B8DCDB900D1C2BB /* CryptoCrazySUI */,
				39A0380A2B8DCDB900D1C2BB /* Products */,
			);
			sourceTree = "<group>";
		};
		39A0380A2B8DCDB900D1C2BB /* Products */ = {
			isa = PBXGroup;
			children = (
				39A038092B8DCDB900D1C2BB /* CryptoCrazySUI.app */,
			);
			name = Products;
			sourceTree = "<group>";
		};
		39A0380B2B8DCDB900D1C2BB /* CryptoCrazySUI */ = {
			isa = PBXGroup;
			children = (
				39A0381A2B8DCEC800D1C2BB /* App */,
				39A0381F2B8DCF5400D1C2BB /* Service */,
				39A0381C2B8DCED700D1C2BB /* Model */,
				39A0381B2B8DCED300D1C2BB /* Scene */,
				39A0381D2B8DCEDD00D1C2BB /* Resources */,
				39A038122B8DCDBA00D1C2BB /* Preview Content */,
			);
			path = CryptoCrazySUI;
			sourceTree = "<group>";
		};
		39A038122B8DCDBA00D1C2BB /* Preview Content */ = {
			isa = PBXGroup;
			children = (
				39A038132B8DCDBA00D1C2BB /* Preview Assets.xcassets */,
			);
			path = "Preview Content";
			sourceTree = "<group>";
		};
		39A0381A2B8DCEC800D1C2BB /* App */ = {
			isa = PBXGroup;
			children = (
				39A0380C2B8DCDB900D1C2BB /* CryptoCrazySUIApp.swift */,
			);
			path = App;
			sourceTree = "<group>";
		};
		39A0381B2B8DCED300D1C2BB /* Scene */ = {
			isa = PBXGroup;
			children = (
				39A0381E2B8DCF3B00D1C2BB /* Home */,
			);
			path = Scene;
			sourceTree = "<group>";
		};
		39A0381C2B8DCED700D1C2BB /* Model */ = {
			isa = PBXGroup;
			children = (
				39A038212B8DCF9F00D1C2BB /* CryptoCurrency.swift */,
			);
			path = Model;
			sourceTree = "<group>";
		};
		39A0381D2B8DCEDD00D1C2BB /* Resources */ = {
			isa = PBXGroup;
			children = (
				39A038102B8DCDBA00D1C2BB /* Assets.xcassets */,
			);
			path = Resources;
			sourceTree = "<group>";
		};
		39A0381E2B8DCF3B00D1C2BB /* Home */ = {
			isa = PBXGroup;
			children = (
				39A038202B8DCF7D00D1C2BB /* HomeViewModel */,
				39A0380E2B8DCDB900D1C2BB /* HomeView.swift */,
			);
			path = Home;
			sourceTree = "<group>";
		};
		39A0381F2B8DCF5400D1C2BB /* Service */ = {
			isa = PBXGroup;
			children = (
				39A038232B8DD48B00D1C2BB /* WebService.swift */,
			);
			path = Service;
			sourceTree = "<group>";
		};
		39A038202B8DCF7D00D1C2BB /* HomeViewModel */ = {
			isa = PBXGroup;
			children = (
				39A038252B8DD7A100D1C2BB /* CryptoViewModel.swift */,
			);
			path = HomeViewModel;
			sourceTree = "<group>";
		};
/* End PBXGroup section */

/* Begin PBXNativeTarget section */
		39A038082B8DCDB900D1C2BB /* CryptoCrazySUI */ = {
			isa = PBXNativeTarget;
			buildConfigurationList = 39A038172B8DCDBA00D1C2BB /* Build configuration list for PBXNativeTarget "CryptoCrazySUI" */;
			buildPhases = (
				39A038052B8DCDB900D1C2BB /* Sources */,
				39A038062B8DCDB900D1C2BB /* Frameworks */,
				39A038072B8DCDB900D1C2BB /* Resources */,
			);
			buildRules = (
			);
			dependencies = (
			);
			name = CryptoCrazySUI;
			productName = CryptoCrazySUI;
			productReference = 39A038092B8DCDB900D1C2BB /* CryptoCrazySUI.app */;
			productType = "com.apple.product-type.application";
		};
/* End PBXNativeTarget section */

/* Begin PBXProject section */
		39A038012B8DCDB900D1C2BB /* Project object */ = {
			isa = PBXProject;
			attributes = {
				BuildIndependentTargetsInParallel = 1;
				LastSwiftUpdateCheck = 1520;
				LastUpgradeCheck = 1520;
				TargetAttributes = {
					39A038082B8DCDB900D1C2BB = {
						CreatedOnToolsVersion = 15.2;
					};
				};
			};
			buildConfigurationList = 39A038042B8DCDB900D1C2BB /* Build configuration list for PBXProject "CryptoCrazySUI" */;
			compatibilityVersion = "Xcode 14.0";
			developmentRegion = en;
			hasScannedForEncodings = 0;
			knownRegions = (
				en,
				Base,
			);
			mainGroup = 39A038002B8DCDB900D1C2BB;
			productRefGroup = 39A0380A2B8DCDB900D1C2BB /* Products */;
			projectDirPath = "";
			projectRoot = "";
			targets = (
				39A038082B8DCDB900D1C2BB /* CryptoCrazySUI */,
			);
		};
/* End PBXProject section */

/* Begin PBXResourcesBuildPhase section */
		39A038072B8DCDB900D1C2BB /* Resources */ = {
			isa = PBXResourcesBuildPhase;
			buildActionMask = 2147483647;
			files = (
				39A038142B8DCDBA00D1C2BB /* Preview Assets.xcassets in Resources */,
				39A038112B8DCDBA00D1C2BB /* Assets.xcassets in Resources */,
			);
			runOnlyForDeploymentPostprocessing = 0;
		};
/* End PBXResourcesBuildPhase section */

/* Begin PBXSourcesBuildPhase section */
		39A038052B8DCDB900D1C2BB /* Sources */ = {
			isa = PBXSourcesBuildPhase;
			buildActionMask = 2147483647;
			files = (
				39A0380F2B8DCDB900D1C2BB /* HomeView.swift in Sources */,
				39A038222B8DCF9F00D1C2BB /* CryptoCurrency.swift in Sources */,
				39A038242B8DD48B00D1C2BB /* WebService.swift in Sources */,
				39A038262B8DD7A100D1C2BB /* CryptoViewModel.swift in Sources */,
				39A0380D2B8DCDB900D1C2BB /* CryptoCrazySUIApp.swift in Sources */,
			);
			runOnlyForDeploymentPostprocessing = 0;
		};
/* End PBXSourcesBuildPhase section */

/* Begin XCBuildConfiguration section */
		39A038152B8DCDBA00D1C2BB /* Debug */ = {
			isa = XCBuildConfiguration;
			buildSettings = {
				ALWAYS_SEARCH_USER_PATHS = NO;
				ASSETCATALOG_COMPILER_GENERATE_SWIFT_ASSET_SYMBOL_EXTENSIONS = YES;
				CLANG_ANALYZER_NONNULL = YES;
				CLANG_ANALYZER_NUMBER_OBJECT_CONVERSION = YES_AGGRESSIVE;
				CLANG_CXX_LANGUAGE_STANDARD = "gnu++20";
				CLANG_ENABLE_MODULES = YES;
				CLANG_ENABLE_OBJC_ARC = YES;
				CLANG_ENABLE_OBJC_WEAK = YES;
				CLANG_WARN_BLOCK_CAPTURE_AUTORELEASING = YES;
				CLANG_WARN_BOOL_CONVERSION = YES;
				CLANG_WARN_COMMA = YES;
				CLANG_WARN_CONSTANT_CONVERSION = YES;
				CLANG_WARN_DEPRECATED_OBJC_IMPLEMENTATIONS = YES;
				CLANG_WARN_DIRECT_OBJC_ISA_USAGE = YES_ERROR;
				CLANG_WARN_DOCUMENTATION_COMMENTS = YES;
				CLANG_WARN_EMPTY_BODY = YES;
				CLANG_WARN_ENUM_CONVERSION = YES;
				CLANG_WARN_INFINITE_RECURSION = YES;
				CLANG_WARN_INT_CONVERSION = YES;
				CLANG_WARN_NON_LITERAL_NULL_CONVERSION = YES;
				CLANG_WARN_OBJC_IMPLICIT_RETAIN_SELF = YES;
				CLANG_WARN_OBJC_LITERAL_CONVERSION = YES;
				CLANG_WARN_OBJC_ROOT_CLASS = YES_ERROR;
				CLANG_WARN_QUOTED_INCLUDE_IN_FRAMEWORK_HEADER = YES;
				CLANG_WARN_RANGE_LOOP_ANALYSIS = YES;
				CLANG_WARN_STRICT_PROTOTYPES = YES;
				CLANG_WARN_SUSPICIOUS_MOVE = YES;
				CLANG_WARN_UNGUARDED_AVAILABILITY = YES_AGGRESSIVE;
				CLANG_WARN_UNREACHABLE_CODE = YES;
				CLANG_WARN__DUPLICATE_METHOD_MATCH = YES;
				COPY_PHASE_STRIP = NO;
				DEBUG_INFORMATION_FORMAT = dwarf;
				ENABLE_STRICT_OBJC_MSGSEND = YES;
				ENABLE_TESTABILITY = YES;
				ENABLE_USER_SCRIPT_SANDBOXING = YES;
				GCC_C_LANGUAGE_STANDARD = gnu17;
				GCC_DYNAMIC_NO_PIC = NO;
				GCC_NO_COMMON_BLOCKS = YES;
				GCC_OPTIMIZATION_LEVEL = 0;
				GCC_PREPROCESSOR_DEFINITIONS = (
					"DEBUG=1",
					"$(inherited)",
				);
				GCC_WARN_64_TO_32_BIT_CONVERSION = YES;
				GCC_WARN_ABOUT_RETURN_TYPE = YES_ERROR;
				GCC_WARN_UNDECLARED_SELECTOR = YES;
				GCC_WARN_UNINITIALIZED_AUTOS = YES_AGGRESSIVE;
				GCC_WARN_UNUSED_FUNCTION = YES;
				GCC_WARN_UNUSED_VARIABLE = YES;
				IPHONEOS_DEPLOYMENT_TARGET = 17.2;
				LOCALIZATION_PREFERS_STRING_CATALOGS = YES;
				MTL_ENABLE_DEBUG_INFO = INCLUDE_SOURCE;
				MTL_FAST_MATH = YES;
				ONLY_ACTIVE_ARCH = YES;
				SDKROOT = iphoneos;
				SWIFT_ACTIVE_COMPILATION_CONDITIONS = "DEBUG $(inherited)";
				SWIFT_OPTIMIZATION_LEVEL = "-Onone";
			};
			name = Debug;
		};
		39A038162B8DCDBA00D1C2BB /* Release */ = {
			isa = XCBuildConfiguration;
			buildSettings = {
				ALWAYS_SEARCH_USER_PATHS = NO;
				ASSETCATALOG_COMPILER_GENERATE_SWIFT_ASSET_SYMBOL_EXTENSIONS = YES;
				CLANG_ANALYZER_NONNULL = YES;
				CLANG_ANALYZER_NUMBER_OBJECT_CONVERSION = YES_AGGRESSIVE;
				CLANG_CXX_LANGUAGE_STANDARD = "gnu++20";
				CLANG_ENABLE_MODULES = YES;
				CLANG_ENABLE_OBJC_ARC = YES;
				CLANG_ENABLE_OBJC_WEAK = YES;
				CLANG_WARN_BLOCK_CAPTURE_AUTORELEASING = YES;
				CLANG_WARN_BOOL_CONVERSION = YES;
				CLANG_WARN_COMMA = YES;
				CLANG_WARN_CONSTANT_CONVERSION = YES;
				CLANG_WARN_DEPRECATED_OBJC_IMPLEMENTATIONS = YES;
				CLANG_WARN_DIRECT_OBJC_ISA_USAGE = YES_ERROR;
				CLANG_WARN_DOCUMENTATION_COMMENTS = YES;
				CLANG_WARN_EMPTY_BODY = YES;
				CLANG_WARN_ENUM_CONVERSION = YES;
				CLANG_WARN_INFINITE_RECURSION = YES;
				CLANG_WARN_INT_CONVERSION = YES;
				CLANG_WARN_NON_LITERAL_NULL_CONVERSION = YES;
				CLANG_WARN_OBJC_IMPLICIT_RETAIN_SELF = YES;
				CLANG_WARN_OBJC_LITERAL_CONVERSION = YES;
				CLANG_WARN_OBJC_ROOT_CLASS = YES_ERROR;
				CLANG_WARN_QUOTED_INCLUDE_IN_FRAMEWORK_HEADER = YES;
				CLANG_WARN_RANGE_LOOP_ANALYSIS = YES;
				CLANG_WARN_STRICT_PROTOTYPES = YES;
				CLANG_WARN_SUSPICIOUS_MOVE = YES;
				CLANG_WARN_UNGUARDED_AVAILABILITY = YES_AGGRESSIVE;
				CLANG_WARN_UNREACHABLE_CODE = YES;
				CLANG_WARN__DUPLICATE_METHOD_MATCH = YES;
				COPY_PHASE_STRIP = NO;
				DEBUG_INFORMATION_FORMAT = "dwarf-with-dsym";
				ENABLE_NS_ASSERTIONS = NO;
				ENABLE_STRICT_OBJC_MSGSEND = YES;
				ENABLE_USER_SCRIPT_SANDBOXING = YES;
				GCC_C_LANGUAGE_STANDARD = gnu17;
				GCC_NO_COMMON_BLOCKS = YES;
				GCC_WARN_64_TO_32_BIT_CONVERSION = YES;
				GCC_WARN_ABOUT_RETURN_TYPE = YES_ERROR;
				GCC_WARN_UNDECLARED_SELECTOR = YES;
				GCC_WARN_UNINITIALIZED_AUTOS = YES_AGGRESSIVE;
				GCC_WARN_UNUSED_FUNCTION = YES;
				GCC_WARN_UNUSED_VARIABLE = YES;
				IPHONEOS_DEPLOYMENT_TARGET = 17.2;
				LOCALIZATION_PREFERS_STRING_CATALOGS = YES;
				MTL_ENABLE_DEBUG_INFO = NO;
				MTL_FAST_MATH = YES;
				SDKROOT = iphoneos;
				SWIFT_COMPILATION_MODE = wholemodule;
				VALIDATE_PRODUCT = YES;
			};
			name = Release;
		};
		39A038182B8DCDBA00D1C2BB /* Debug */ = {
			isa = XCBuildConfiguration;
			buildSettings = {
				ASSETCATALOG_COMPILER_APPICON_NAME = AppIcon;
				ASSETCATALOG_COMPILER_GLOBAL_ACCENT_COLOR_NAME = AccentColor;
				CODE_SIGN_STYLE = Automatic;
				CURRENT_PROJECT_VERSION = 1;
				DEVELOPMENT_ASSET_PATHS = "\"CryptoCrazySUI/Preview Content\"";
				DEVELOPMENT_TEAM = 9NSCR757BU;
				ENABLE_PREVIEWS = YES;
				GENERATE_INFOPLIST_FILE = YES;
				INFOPLIST_KEY_UIApplicationSceneManifest_Generation = YES;
				INFOPLIST_KEY_UIApplicationSupportsIndirectInputEvents = YES;
				INFOPLIST_KEY_UILaunchScreen_Generation = YES;
				INFOPLIST_KEY_UISupportedInterfaceOrientations_iPad = "UIInterfaceOrientationPortrait UIInterfaceOrientationPortraitUpsideDown UIInterfaceOrientationLandscapeLeft UIInterfaceOrientationLandscapeRight";
				INFOPLIST_KEY_UISupportedInterfaceOrientations_iPhone = "UIInterfaceOrientationPortrait UIInterfaceOrientationLandscapeLeft UIInterfaceOrientationLandscapeRight";
				LD_RUNPATH_SEARCH_PATHS = (
					"$(inherited)",
					"@executable_path/Frameworks",
				);
				MARKETING_VERSION = 1.0;
				PRODUCT_BUNDLE_IDENTIFIER = com.yektaokdan.CryptoCrazySUI;
				PRODUCT_NAME = "$(TARGET_NAME)";
				SWIFT_EMIT_LOC_STRINGS = YES;
				SWIFT_VERSION = 5.0;
				TARGETED_DEVICE_FAMILY = "1,2";
			};
			name = Debug;
		};
		39A038192B8DCDBA00D1C2BB /* Release */ = {
			isa = XCBuildConfiguration;
			buildSettings = {
				ASSETCATALOG_COMPILER_APPICON_NAME = AppIcon;
				ASSETCATALOG_COMPILER_GLOBAL_ACCENT_COLOR_NAME = AccentColor;
				CODE_SIGN_STYLE = Automatic;
				CURRENT_PROJECT_VERSION = 1;
				DEVELOPMENT_ASSET_PATHS = "\"CryptoCrazySUI/Preview Content\"";
				DEVELOPMENT_TEAM = 9NSCR757BU;
				ENABLE_PREVIEWS = YES;
				GENERATE_INFOPLIST_FILE = YES;
				INFOPLIST_KEY_UIApplicationSceneManifest_Generation = YES;
				INFOPLIST_KEY_UIApplicationSupportsIndirectInputEvents = YES;
				INFOPLIST_KEY_UILaunchScreen_Generation = YES;
				INFOPLIST_KEY_UISupportedInterfaceOrientations_iPad = "UIInterfaceOrientationPortrait UIInterfaceOrientationPortraitUpsideDown UIInterfaceOrientationLandscapeLeft UIInterfaceOrientationLandscapeRight";
				INFOPLIST_KEY_UISupportedInterfaceOrientations_iPhone = "UIInterfaceOrientationPortrait UIInterfaceOrientationLandscapeLeft UIInterfaceOrientationLandscapeRight";
				LD_RUNPATH_SEARCH_PATHS = (
					"$(inherited)",
					"@executable_path/Frameworks",
				);
				MARKETING_VERSION = 1.0;
				PRODUCT_BUNDLE_IDENTIFIER = com.yektaokdan.CryptoCrazySUI;
				PRODUCT_NAME = "$(TARGET_NAME)";
				SWIFT_EMIT_LOC_STRINGS = YES;
				SWIFT_VERSION = 5.0;
				TARGETED_DEVICE_FAMILY = "1,2";
			};
			name = Release;
		};
/* End XCBuildConfiguration section */

/* Begin XCConfigurationList section */
		39A038042B8DCDB900D1C2BB /* Build configuration list for PBXProject "CryptoCrazySUI" */ = {
			isa = XCConfigurationList;
			buildConfigurations = (
				39A038152B8DCDBA00D1C2BB /* Debug */,
				39A038162B8DCDBA00D1C2BB /* Release */,
			);
			defaultConfigurationIsVisible = 0;
			defaultConfigurationName = Release;
		};
		39A038172B8DCDBA00D1C2BB /* Build configuration list for PBXNativeTarget "CryptoCrazySUI" */ = {
			isa = XCConfigurationList;
			buildConfigurations = (
				39A038182B8DCDBA00D1C2BB /* Debug */,
				39A038192B8DCDBA00D1C2BB /* Release */,
			);
			defaultConfigurationIsVisible = 0;
			defaultConfigurationName = Release;
		};
/* End XCConfigurationList section */
	};
	rootObject = 39A038012B8DCDB900D1C2BB /* Project object */;
}
